
Microsoft Visual Studio Solution File, Format Version 12.00
# Visual Studio Version 17
VisualStudioVersion = 17.14.36310.24
MinimumVisualStudioVersion = 10.0.40219.1
Project("{2150E333-8FDC-42A3-9474-1A3956D46DE8}") = "1.- Enterprise Bussines Rules", "1.- Enterprise Bussines Rules", "{02EA681E-C7D8-13C7-8484-4AC65E1B71E8}"
EndProject
Project("{FAE04EC0-301F-11D3-BF4B-00C04F79EFBC}") = "KFC.Entities", "KFC.Entities\KFC.Entities.csproj", "{8865BF72-C762-4686-A0CB-6A53A646A48E}"
EndProject
Project("{2150E333-8FDC-42A3-9474-1A3956D46DE8}") = "2.- Application Bussines Rules", "2.- Application Bussines Rules", "{CC59F59A-25D4-426C-A1F7-44D42F3DD3D4}"
EndProject
Project("{2150E333-8FDC-42A3-9474-1A3956D46DE8}") = "Use Cases", "Use Cases", "{C2F24F91-079E-4D62-9C99-A12843B0C326}"
EndProject
Project("{FAE04EC0-301F-11D3-BF4B-00C04F79EFBC}") = "KFC.UseCases.DTOs", "KFC.UseCases.DTOs\KFC.UseCases.DTOs.csproj", "{4A1EF5C5-B78B-456C-A814-6672EFB20A9D}"
EndProject
Project("{FAE04EC0-301F-11D3-BF4B-00C04F79EFBC}") = "KFC.UseCases.InputPort", "KFC.UseCases.InputPort\KFC.UseCases.InputPort.csproj", "{6906BCB0-05DF-44D0-A118-14555A8D3178}"
EndProject
Project("{FAE04EC0-301F-11D3-BF4B-00C04F79EFBC}") = "KFC.UseCases.Interactor", "KFC.UseCases.Interactor\KFC.UseCases.Interactor.csproj", "{4C930657-9D9E-41C5-9A7F-28BFA5F0DFBD}"
EndProject
Project("{FAE04EC0-301F-11D3-BF4B-00C04F79EFBC}") = "KFC.UseCases.Interface", "KFC.UseCases.Interface\KFC.UseCases.Interface.csproj", "{E69CF860-3E13-49E8-A6E1-646AA74B872C}"
EndProject
Project("{FAE04EC0-301F-11D3-BF4B-00C04F79EFBC}") = "KFC.UseCases.OutputPort", "KFC.UseCases.OutputPort\KFC.UseCases.OutputPort.csproj", "{FB1DA775-8A78-4930-88C0-4A0145B3101D}"
EndProject
Project("{FAE04EC0-301F-11D3-BF4B-00C04F79EFBC}") = "KFC.UseCases.Validator", "KFC.UseCases.Validator\KFC.UseCases.Validator.csproj", "{29767E94-712E-4D63-B77B-B410767836E1}"
EndProject
Project("{2150E333-8FDC-42A3-9474-1A3956D46DE8}") = "3.- Interface Adapters", "3.- Interface Adapters", "{4776DDEC-A02A-49E2-8088-984A04A254A0}"
EndProject
Project("{2150E333-8FDC-42A3-9474-1A3956D46DE8}") = "4.- Frameworks and Drivers", "4.- Frameworks and Drivers", "{5DFB70EB-E32A-48A5-AD4A-545B27AE5546}"
EndProject
Project("{FAE04EC0-301F-11D3-BF4B-00C04F79EFBC}") = "KFC.WebApi", "KFC.WebApi\KFC.WebApi.csproj", "{BE847D20-0E27-4EB4-8553-BFE0845E0F87}"
EndProject
Project("{FAE04EC0-301F-11D3-BF4B-00C04F79EFBC}") = "KFC.Controllers", "KFC.Controllers\KFC.Controllers.csproj", "{247A8B3A-6120-4CAD-8037-42CD7BDA4F54}"
EndProject
Project("{FAE04EC0-301F-11D3-BF4B-00C04F79EFBC}") = "KFC.Presenters", "KFC.Presenters\KFC.Presenters.csproj", "{F914B163-687F-4C7C-9C34-F3682935C188}"
EndProject
Project("{FAE04EC0-301F-11D3-BF4B-00C04F79EFBC}") = "KFC.Gateways.SQLite", "KFC.Gateways.SQLite\KFC.Gateways.SQLite.csproj", "{1E7A2BC7-CE4E-B58C-1A94-55CDD1B33BD4}"
EndProject
Project("{2150E333-8FDC-42A3-9474-1A3956D46DE8}") = "UnitTest", "UnitTest", "{CD13FE20-02FF-44A6-8C30-FD25A95CFE62}"
EndProject
Project("{FAE04EC0-301F-11D3-BF4B-00C04F79EFBC}") = "KFC.Tests", "KFC.Tests\KFC.Tests.csproj", "{345CCF75-0BEC-EB14-1EC7-FB613A0B53B6}"
EndProject
Global
	GlobalSection(SolutionConfigurationPlatforms) = preSolution
		Debug|Any CPU = Debug|Any CPU
		Release|Any CPU = Release|Any CPU
	EndGlobalSection
	GlobalSection(ProjectConfigurationPlatforms) = postSolution
		{8865BF72-C762-4686-A0CB-6A53A646A48E}.Debug|Any CPU.ActiveCfg = Debug|Any CPU
		{8865BF72-C762-4686-A0CB-6A53A646A48E}.Debug|Any CPU.Build.0 = Debug|Any CPU
		{8865BF72-C762-4686-A0CB-6A53A646A48E}.Release|Any CPU.ActiveCfg = Release|Any CPU
		{8865BF72-C762-4686-A0CB-6A53A646A48E}.Release|Any CPU.Build.0 = Release|Any CPU
		{4A1EF5C5-B78B-456C-A814-6672EFB20A9D}.Debug|Any CPU.ActiveCfg = Debug|Any CPU
		{4A1EF5C5-B78B-456C-A814-6672EFB20A9D}.Debug|Any CPU.Build.0 = Debug|Any CPU
		{4A1EF5C5-B78B-456C-A814-6672EFB20A9D}.Release|Any CPU.ActiveCfg = Release|Any CPU
		{4A1EF5C5-B78B-456C-A814-6672EFB20A9D}.Release|Any CPU.Build.0 = Release|Any CPU
		{6906BCB0-05DF-44D0-A118-14555A8D3178}.Debug|Any CPU.ActiveCfg = Debug|Any CPU
		{6906BCB0-05DF-44D0-A118-14555A8D3178}.Debug|Any CPU.Build.0 = Debug|Any CPU
		{6906BCB0-05DF-44D0-A118-14555A8D3178}.Release|Any CPU.ActiveCfg = Release|Any CPU
		{6906BCB0-05DF-44D0-A118-14555A8D3178}.Release|Any CPU.Build.0 = Release|Any CPU
		{4C930657-9D9E-41C5-9A7F-28BFA5F0DFBD}.Debug|Any CPU.ActiveCfg = Debug|Any CPU
		{4C930657-9D9E-41C5-9A7F-28BFA5F0DFBD}.Debug|Any CPU.Build.0 = Debug|Any CPU
		{4C930657-9D9E-41C5-9A7F-28BFA5F0DFBD}.Release|Any CPU.ActiveCfg = Release|Any CPU
		{4C930657-9D9E-41C5-9A7F-28BFA5F0DFBD}.Release|Any CPU.Build.0 = Release|Any CPU
		{E69CF860-3E13-49E8-A6E1-646AA74B872C}.Debug|Any CPU.ActiveCfg = Debug|Any CPU
		{E69CF860-3E13-49E8-A6E1-646AA74B872C}.Debug|Any CPU.Build.0 = Debug|Any CPU
		{E69CF860-3E13-49E8-A6E1-646AA74B872C}.Release|Any CPU.ActiveCfg = Release|Any CPU
		{E69CF860-3E13-49E8-A6E1-646AA74B872C}.Release|Any CPU.Build.0 = Release|Any CPU
		{FB1DA775-8A78-4930-88C0-4A0145B3101D}.Debug|Any CPU.ActiveCfg = Debug|Any CPU
		{FB1DA775-8A78-4930-88C0-4A0145B3101D}.Debug|Any CPU.Build.0 = Debug|Any CPU
		{FB1DA775-8A78-4930-88C0-4A0145B3101D}.Release|Any CPU.ActiveCfg = Release|Any CPU
		{FB1DA775-8A78-4930-88C0-4A0145B3101D}.Release|Any CPU.Build.0 = Release|Any CPU
		{29767E94-712E-4D63-B77B-B410767836E1}.Debug|Any CPU.ActiveCfg = Debug|Any CPU
		{29767E94-712E-4D63-B77B-B410767836E1}.Debug|Any CPU.Build.0 = Debug|Any CPU
		{29767E94-712E-4D63-B77B-B410767836E1}.Release|Any CPU.ActiveCfg = Release|Any CPU
		{29767E94-712E-4D63-B77B-B410767836E1}.Release|Any CPU.Build.0 = Release|Any CPU
		{BE847D20-0E27-4EB4-8553-BFE0845E0F87}.Debug|Any CPU.ActiveCfg = Debug|Any CPU
		{BE847D20-0E27-4EB4-8553-BFE0845E0F87}.Debug|Any CPU.Build.0 = Debug|Any CPU
		{BE847D20-0E27-4EB4-8553-BFE0845E0F87}.Release|Any CPU.ActiveCfg = Release|Any CPU
		{BE847D20-0E27-4EB4-8553-BFE0845E0F87}.Release|Any CPU.Build.0 = Release|Any CPU
		{247A8B3A-6120-4CAD-8037-42CD7BDA4F54}.Debug|Any CPU.ActiveCfg = Debug|Any CPU
		{247A8B3A-6120-4CAD-8037-42CD7BDA4F54}.Debug|Any CPU.Build.0 = Debug|Any CPU
		{247A8B3A-6120-4CAD-8037-42CD7BDA4F54}.Release|Any CPU.ActiveCfg = Release|Any CPU
		{247A8B3A-6120-4CAD-8037-42CD7BDA4F54}.Release|Any CPU.Build.0 = Release|Any CPU
		{F914B163-687F-4C7C-9C34-F3682935C188}.Debug|Any CPU.ActiveCfg = Debug|Any CPU
		{F914B163-687F-4C7C-9C34-F3682935C188}.Debug|Any CPU.Build.0 = Debug|Any CPU
		{F914B163-687F-4C7C-9C34-F3682935C188}.Release|Any CPU.ActiveCfg = Release|Any CPU
		{F914B163-687F-4C7C-9C34-F3682935C188}.Release|Any CPU.Build.0 = Release|Any CPU
		{1E7A2BC7-CE4E-B58C-1A94-55CDD1B33BD4}.Debug|Any CPU.ActiveCfg = Debug|Any CPU
		{1E7A2BC7-CE4E-B58C-1A94-55CDD1B33BD4}.Debug|Any CPU.Build.0 = Debug|Any CPU
		{1E7A2BC7-CE4E-B58C-1A94-55CDD1B33BD4}.Release|Any CPU.ActiveCfg = Release|Any CPU
		{1E7A2BC7-CE4E-B58C-1A94-55CDD1B33BD4}.Release|Any CPU.Build.0 = Release|Any CPU
		{345CCF75-0BEC-EB14-1EC7-FB613A0B53B6}.Debug|Any CPU.ActiveCfg = Debug|Any CPU
		{345CCF75-0BEC-EB14-1EC7-FB613A0B53B6}.Debug|Any CPU.Build.0 = Debug|Any CPU
		{345CCF75-0BEC-EB14-1EC7-FB613A0B53B6}.Release|Any CPU.ActiveCfg = Release|Any CPU
		{345CCF75-0BEC-EB14-1EC7-FB613A0B53B6}.Release|Any CPU.Build.0 = Release|Any CPU
	EndGlobalSection
	GlobalSection(SolutionProperties) = preSolution
		HideSolutionNode = FALSE
	EndGlobalSection
	GlobalSection(NestedProjects) = preSolution
		{8865BF72-C762-4686-A0CB-6A53A646A48E} = {02EA681E-C7D8-13C7-8484-4AC65E1B71E8}
		{C2F24F91-079E-4D62-9C99-A12843B0C326} = {CC59F59A-25D4-426C-A1F7-44D42F3DD3D4}
		{4A1EF5C5-B78B-456C-A814-6672EFB20A9D} = {C2F24F91-079E-4D62-9C99-A12843B0C326}
		{6906BCB0-05DF-44D0-A118-14555A8D3178} = {C2F24F91-079E-4D62-9C99-A12843B0C326}
		{4C930657-9D9E-41C5-9A7F-28BFA5F0DFBD} = {C2F24F91-079E-4D62-9C99-A12843B0C326}
		{E69CF860-3E13-49E8-A6E1-646AA74B872C} = {C2F24F91-079E-4D62-9C99-A12843B0C326}
		{FB1DA775-8A78-4930-88C0-4A0145B3101D} = {C2F24F91-079E-4D62-9C99-A12843B0C326}
		{29767E94-712E-4D63-B77B-B410767836E1} = {C2F24F91-079E-4D62-9C99-A12843B0C326}
		{BE847D20-0E27-4EB4-8553-BFE0845E0F87} = {5DFB70EB-E32A-48A5-AD4A-545B27AE5546}
		{247A8B3A-6120-4CAD-8037-42CD7BDA4F54} = {4776DDEC-A02A-49E2-8088-984A04A254A0}
		{F914B163-687F-4C7C-9C34-F3682935C188} = {4776DDEC-A02A-49E2-8088-984A04A254A0}
		{1E7A2BC7-CE4E-B58C-1A94-55CDD1B33BD4} = {4776DDEC-A02A-49E2-8088-984A04A254A0}
		{345CCF75-0BEC-EB14-1EC7-FB613A0B53B6} = {CD13FE20-02FF-44A6-8C30-FD25A95CFE62}
	EndGlobalSection
	GlobalSection(ExtensibilityGlobals) = postSolution
		SolutionGuid = {FD4BE266-F498-4C6A-9A33-6C441BD1A91A}
	EndGlobalSection
EndGlobal
